<?xml version="1.0" encoding="utf-8"?>
<Project ToolsVersion="4.0" xmlns="http://schemas.microsoft.com/developer/msbuild/2003">
  <ItemGroup>
    <Filter Include="AI">
      <UniqueIdentifier>{EF725900-DBFE-870B-44AD-880B3058880B}</UniqueIdentifier>
    </Filter>
    <Filter Include="Audio">
      <UniqueIdentifier>{9718D90C-032D-01BE-CCAE-A41D3882FDEE}</UniqueIdentifier>
    </Filter>
    <Filter Include="Audio\Music">
      <UniqueIdentifier>{A7E13ADC-1397-B3D1-9C8B-ADA80840AAD5}</UniqueIdentifier>
    </Filter>
    <Filter Include="Audio\Music\MusicData">
      <UniqueIdentifier>{F1AF74B9-5D1C-30B4-2610-C811923B521C}</UniqueIdentifier>
    </Filter>
    <Filter Include="Audio\Sound">
      <UniqueIdentifier>{8F33A4DC-FBE8-1CD2-84DD-16A9F09113D6}</UniqueIdentifier>
    </Filter>
    <Filter Include="Audio\Sound\SoundData">
      <UniqueIdentifier>{C1898B19-2DF6-4614-F6E9-DE716215697C}</UniqueIdentifier>
    </Filter>
    <Filter Include="Audio\Sound\Spatialization">
      <UniqueIdentifier>{EA9DB319-D6AD-5FEA-3F67-C4082B964E83}</UniqueIdentifier>
    </Filter>
    <Filter Include="EfficiencyRegister">
      <UniqueIdentifier>{5FB93A9B-4B9D-FBF0-B4FD-F543A000E672}</UniqueIdentifier>
    </Filter>
    <Filter Include="Events">
      <UniqueIdentifier>{3A8963B1-262B-8E87-0FE6-A1DBFB2615D8}</UniqueIdentifier>
    </Filter>
    <Filter Include="GameObjects">
      <UniqueIdentifier>{09AE9FEC-7563-18E2-FE57-12B96A0C0FE6}</UniqueIdentifier>
    </Filter>
    <Filter Include="GameObjects\DrawableGameObjects">
      <UniqueIdentifier>{DEFF2254-4AE3-3194-53E6-5FD0BF48F8E4}</UniqueIdentifier>
    </Filter>
    <Filter Include="GameObjects\DrawableGameObjects\Characters">
      <UniqueIdentifier>{EDB22DAB-D91A-F478-4286-088F2E0D0B65}</UniqueIdentifier>
    </Filter>
    <Filter Include="GameObjects\DrawableGameObjects\Characters\Enemies">
      <UniqueIdentifier>{C276750D-AE0A-6BB5-17CF-C4690382A5A7}</UniqueIdentifier>
    </Filter>
    <Filter Include="GameObjects\DrawableGameObjects\Characters\Npcs">
      <UniqueIdentifier>{F0BDE211-5CF9-42D5-65EE-BF64D1A8C705}</UniqueIdentifier>
    </Filter>
    <Filter Include="GameObjects\DrawableGameObjects\Items">
      <UniqueIdentifier>{CFB833DC-3B7D-32CC-04E3-62967066CE01}</UniqueIdentifier>
    </Filter>
    <Filter Include="GameObjects\GameObjectContainers">
      <UniqueIdentifier>{BF637316-ABB4-5E58-D418-4D1AC0C8F1C1}</UniqueIdentifier>
    </Filter>
    <Filter Include="GameObjects\NonDrawableGameObjects">
      <UniqueIdentifier>{8989A871-75C5-ABDB-DED7-C3D2CA3254F6}</UniqueIdentifier>
    </Filter>
    <Filter Include="Gui">
      <UniqueIdentifier>{6AF0870B-D6F9-877C-5F75-9E7CCB7D937C}</UniqueIdentifier>
    </Filter>
    <Filter Include="Logs">
      <UniqueIdentifier>{3AA2887C-26D9-890D-CFC5-6F10BBDB050F}</UniqueIdentifier>
    </Filter>
    <Filter Include="Logs\ConcreteHandlers">
      <UniqueIdentifier>{2D5E7004-99CA-2BFF-62BE-C35CCEE94D67}</UniqueIdentifier>
    </Filter>
    <Filter Include="Map">
      <UniqueIdentifier>{6307880B-CF10-887C-588C-9E7CC494937C}</UniqueIdentifier>
    </Filter>
    <Filter Include="Physics">
      <UniqueIdentifier>{888B590D-F46A-D8A8-FD82-637F69E13E0A}</UniqueIdentifier>
    </Filter>
    <Filter Include="Physics\CollisionBody">
      <UniqueIdentifier>{B17A7DD9-1DE7-38D4-E6DA-D03152065B3C}</UniqueIdentifier>
    </Filter>
    <Filter Include="Physics\CollisionDebug">
      <UniqueIdentifier>{6A7D4B09-5677-745B-3FE4-0A6C2B7DDAC7}</UniqueIdentifier>
    </Filter>
    <Filter Include="Physics\CollisionHandlers">
      <UniqueIdentifier>{549F1D66-C061-51F0-0912-E07C75132ACE}</UniqueIdentifier>
    </Filter>
    <Filter Include="Renderer">
      <UniqueIdentifier>{7CCE658F-689B-C09A-91B4-AE427DE0F528}</UniqueIdentifier>
    </Filter>
    <Filter Include="Resources">
      <UniqueIdentifier>{000BCD17-6C75-818E-B5B3-3234215D5FE3}</UniqueIdentifier>
    </Filter>
    <Filter Include="Scenes">
      <UniqueIdentifier>{86EEB3D0-7290-DEA6-5B4B-F2FA478C65F7}</UniqueIdentifier>
    </Filter>
    <Filter Include="Scenes\CutScenes">
      <UniqueIdentifier>{62424D6A-4E3B-6CBC-776D-514163C54BC8}</UniqueIdentifier>
    </Filter>
    <Filter Include="Terminal">
      <UniqueIdentifier>{4117E371-2DE4-3D7D-56FD-2B254229730B}</UniqueIdentifier>
    </Filter>
    <Filter Include="Terminal\Commands">
      <UniqueIdentifier>{A26BBDD9-0E82-BB6F-57F9-4691C34E8CF7}</UniqueIdentifier>
    </Filter>
    <Filter Include="Terminal\Image">
      <UniqueIdentifier>{F3A52A8A-DF73-1E90-C807-8FB6B474FAF4}</UniqueIdentifier>
    </Filter>
    <Filter Include="Terminal\Input">
      <UniqueIdentifier>{00742B8A-EC41-1F90-D5D5-8FB6C142FBF4}</UniqueIdentifier>
    </Filter>
    <Filter Include="Utilities">
      <UniqueIdentifier>{010A8043-6D74-34BA-B6B2-E55F225C120F}</UniqueIdentifier>
    </Filter>
  </ItemGroup>
  <ItemGroup>
    <ClInclude Include="src\AI\aStarAlgorithm.hpp">
      <Filter>AI</Filter>
    </ClInclude>
    <ClInclude Include="src\AI\aiManager.hpp">
      <Filter>AI</Filter>
    </ClInclude>
    <ClInclude Include="src\AI\nodesGrid.hpp">
      <Filter>AI</Filter>
    </ClInclude>
    <ClInclude Include="src\AI\obstacleGrid.hpp">
      <Filter>AI</Filter>
    </ClInclude>
    <ClInclude Include="src\AI\pathData.hpp">
      <Filter>AI</Filter>
    </ClInclude>
    <ClInclude Include="src\AI\randomPathAlgorithm.hpp">
      <Filter>AI</Filter>
    </ClInclude>
    <ClInclude Include="src\Audio\Music\MusicData\musicData.hpp">
      <Filter>Audio\Music\MusicData</Filter>
    </ClInclude>
    <ClInclude Include="src\Audio\Music\MusicData\musicDataHolder.hpp">
      <Filter>Audio\Music\MusicData</Filter>
    </ClInclude>
    <ClInclude Include="src\Audio\Music\musicPlayer.hpp">
      <Filter>Audio\Music</Filter>
    </ClInclude>
    <ClInclude Include="src\Audio\Sound\SoundData\soundData.hpp">
      <Filter>Audio\Sound\SoundData</Filter>
    </ClInclude>
    <ClInclude Include="src\Audio\Sound\SoundData\soundDataHolder.hpp">
      <Filter>Audio\Sound\SoundData</Filter>
    </ClInclude>
    <ClInclude Include="src\Audio\Sound\Spatialization\spatializationManager.hpp">
      <Filter>Audio\Sound\Spatialization</Filter>
    </ClInclude>
    <ClInclude Include="src\Audio\Sound\soundPlayer.hpp">
      <Filter>Audio\Sound</Filter>
    </ClInclude>
    <ClInclude Include="src\Audio\xmlAudioParser.hpp">
      <Filter>Audio</Filter>
    </ClInclude>
    <ClInclude Include="src\EfficiencyRegister\efficiencyDisplayer.hpp">
      <Filter>EfficiencyRegister</Filter>
    </ClInclude>
    <ClInclude Include="src\EfficiencyRegister\efficiencyRegister.hpp">
      <Filter>EfficiencyRegister</Filter>
    </ClInclude>
    <ClInclude Include="src\Events\actionEvent.hpp">
      <Filter>Events</Filter>
    </ClInclude>
    <ClInclude Include="src\Events\actionEventManager.hpp">
      <Filter>Events</Filter>
    </ClInclude>
    <ClInclude Include="src\Events\event.hpp">
      <Filter>Events</Filter>
    </ClInclude>
    <ClInclude Include="src\Events\eventDispatcher.hpp">
      <Filter>Events</Filter>
    </ClInclude>
    <ClInclude Include="src\Events\globalKeyboardShortcuts.hpp">
      <Filter>Events</Filter>
    </ClInclude>
    <ClInclude Include="src\GameObjects\DrawableGameObjects\Characters\Enemies\zombie.hpp">
      <Filter>GameObjects\DrawableGameObjects\Characters\Enemies</Filter>
    </ClInclude>
    <ClInclude Include="src\GameObjects\DrawableGameObjects\Characters\Npcs\crawlingNpc.hpp">
      <Filter>GameObjects\DrawableGameObjects\Characters\Npcs</Filter>
    </ClInclude>
    <ClInclude Include="src\GameObjects\DrawableGameObjects\Characters\Npcs\gateGuard.hpp">
      <Filter>GameObjects\DrawableGameObjects\Characters\Npcs</Filter>
    </ClInclude>
    <ClInclude Include="src\GameObjects\DrawableGameObjects\Characters\enemy.hpp">
      <Filter>GameObjects\DrawableGameObjects\Characters</Filter>
    </ClInclude>
    <ClInclude Include="src\GameObjects\DrawableGameObjects\Characters\npc.hpp">
      <Filter>GameObjects\DrawableGameObjects\Characters</Filter>
    </ClInclude>
    <ClInclude Include="src\GameObjects\DrawableGameObjects\Characters\player.hpp">
      <Filter>GameObjects\DrawableGameObjects\Characters</Filter>
    </ClInclude>
    <ClInclude Include="src\GameObjects\DrawableGameObjects\Items\bulletItem.hpp">
      <Filter>GameObjects\DrawableGameObjects\Items</Filter>
    </ClInclude>
    <ClInclude Include="src\GameObjects\DrawableGameObjects\Items\medkit.hpp">
      <Filter>GameObjects\DrawableGameObjects\Items</Filter>
    </ClInclude>
    <ClInclude Include="src\GameObjects\DrawableGameObjects\bilbord.hpp">
      <Filter>GameObjects\DrawableGameObjects</Filter>
    </ClInclude>
    <ClInclude Include="src\GameObjects\DrawableGameObjects\car.hpp">
      <Filter>GameObjects\DrawableGameObjects</Filter>
    </ClInclude>
    <ClInclude Include="src\GameObjects\DrawableGameObjects\character.hpp">
      <Filter>GameObjects\DrawableGameObjects</Filter>
    </ClInclude>
    <ClInclude Include="src\GameObjects\DrawableGameObjects\deadCharacter.hpp">
      <Filter>GameObjects\DrawableGameObjects</Filter>
    </ClInclude>
    <ClInclude Include="src\GameObjects\DrawableGameObjects\gate.hpp">
      <Filter>GameObjects\DrawableGameObjects</Filter>
    </ClInclude>
    <ClInclude Include="src\GameObjects\DrawableGameObjects\gun.hpp">
      <Filter>GameObjects\DrawableGameObjects</Filter>
    </ClInclude>
    <ClInclude Include="src\GameObjects\DrawableGameObjects\item.hpp">
      <Filter>GameObjects\DrawableGameObjects</Filter>
    </ClInclude>
    <ClInclude Include="src\GameObjects\DrawableGameObjects\lever.hpp">
      <Filter>GameObjects\DrawableGameObjects</Filter>
    </ClInclude>
    <ClInclude Include="src\GameObjects\DrawableGameObjects\melee.hpp">
      <Filter>GameObjects\DrawableGameObjects</Filter>
    </ClInclude>
    <ClInclude Include="src\GameObjects\DrawableGameObjects\particles.hpp">
      <Filter>GameObjects\DrawableGameObjects</Filter>
    </ClInclude>
    <ClInclude Include="src\GameObjects\DrawableGameObjects\spriteNode.hpp">
      <Filter>GameObjects\DrawableGameObjects</Filter>
    </ClInclude>
    <ClInclude Include="src\GameObjects\GameObjectContainers\gameObjectLayers.hpp">
      <Filter>GameObjects\GameObjectContainers</Filter>
    </ClInclude>
    <ClInclude Include="src\GameObjects\GameObjectContainers\itemsContainer.hpp">
      <Filter>GameObjects\GameObjectContainers</Filter>
    </ClInclude>
    <ClInclude Include="src\GameObjects\GameObjectContainers\particlesSystem.hpp">
      <Filter>GameObjects\GameObjectContainers</Filter>
    </ClInclude>
    <ClInclude Include="src\GameObjects\NonDrawableGameObjects\activateArea.hpp">
      <Filter>GameObjects\NonDrawableGameObjects</Filter>
    </ClInclude>
    <ClInclude Include="src\GameObjects\NonDrawableGameObjects\cutsceneArea.hpp">
      <Filter>GameObjects\NonDrawableGameObjects</Filter>
    </ClInclude>
    <ClInclude Include="src\GameObjects\NonDrawableGameObjects\entrance.hpp">
      <Filter>GameObjects\NonDrawableGameObjects</Filter>
    </ClInclude>
    <ClInclude Include="src\GameObjects\NonDrawableGameObjects\equipment.hpp">
      <Filter>GameObjects\NonDrawableGameObjects</Filter>
    </ClInclude>
    <ClInclude Include="src\GameObjects\NonDrawableGameObjects\playerEquipment.hpp">
      <Filter>GameObjects\NonDrawableGameObjects</Filter>
    </ClInclude>
    <ClInclude Include="src\GameObjects\NonDrawableGameObjects\slowDownArea.hpp">
      <Filter>GameObjects\NonDrawableGameObjects</Filter>
    </ClInclude>
    <ClInclude Include="src\GameObjects\NonDrawableGameObjects\spawner.hpp">
      <Filter>GameObjects\NonDrawableGameObjects</Filter>
    </ClInclude>
    <ClInclude Include="src\GameObjects\gameObject.hpp">
      <Filter>GameObjects</Filter>
    </ClInclude>
    <ClInclude Include="src\GameObjects\tiledGameObjectsParser.hpp">
      <Filter>GameObjects</Filter>
    </ClInclude>
    <ClInclude Include="src\Gui\behaviorType.hpp">
      <Filter>Gui</Filter>
    </ClInclude>
    <ClInclude Include="src\Gui\gui.hpp">
      <Filter>Gui</Filter>
    </ClInclude>
    <ClInclude Include="src\Gui\guiActionsParser.hpp">
      <Filter>Gui</Filter>
    </ClInclude>
    <ClInclude Include="src\Gui\guiActionsParserImpl.hpp">
      <Filter>Gui</Filter>
    </ClInclude>
    <ClInclude Include="src\Gui\interface.hpp">
      <Filter>Gui</Filter>
    </ClInclude>
    <ClInclude Include="src\Gui\messageBox.hpp">
      <Filter>Gui</Filter>
    </ClInclude>
    <ClInclude Include="src\Gui\textWidget.hpp">
      <Filter>Gui</Filter>
    </ClInclude>
    <ClInclude Include="src\Gui\widget.hpp">
      <Filter>Gui</Filter>
    </ClInclude>
    <ClInclude Include="src\Gui\xmlGuiParser.hpp">
      <Filter>Gui</Filter>
    </ClInclude>
    <ClInclude Include="src\Logs\ConcreteHandlers\consoleHandler.hpp">
      <Filter>Logs\ConcreteHandlers</Filter>
    </ClInclude>
    <ClInclude Include="src\Logs\ConcreteHandlers\fileHandler.hpp">
      <Filter>Logs\ConcreteHandlers</Filter>
    </ClInclude>
    <ClInclude Include="src\Logs\ConcreteHandlers\terminalHandler.hpp">
      <Filter>Logs\ConcreteHandlers</Filter>
    </ClInclude>
    <ClInclude Include="src\Logs\criticalError.hpp">
      <Filter>Logs</Filter>
    </ClInclude>
    <ClInclude Include="src\Logs\handler.hpp">
      <Filter>Logs</Filter>
    </ClInclude>
    <ClInclude Include="src\Logs\logRecord.hpp">
      <Filter>Logs</Filter>
    </ClInclude>
    <ClInclude Include="src\Logs\logger.hpp">
      <Filter>Logs</Filter>
    </ClInclude>
    <ClInclude Include="src\Logs\logs.hpp">
      <Filter>Logs</Filter>
    </ClInclude>
    <ClInclude Include="src\Logs\logsInitializing.hpp">
      <Filter>Logs</Filter>
    </ClInclude>
    <ClInclude Include="src\Map\chunk.hpp">
      <Filter>Map</Filter>
    </ClInclude>
    <ClInclude Include="src\Map\chunkData.hpp">
      <Filter>Map</Filter>
    </ClInclude>
    <ClInclude Include="src\Map\chunkMap.hpp">
      <Filter>Map</Filter>
    </ClInclude>
    <ClInclude Include="src\Map\map.hpp">
      <Filter>Map</Filter>
    </ClInclude>
    <ClInclude Include="src\Map\xmlMapParser.hpp">
      <Filter>Map</Filter>
    </ClInclude>
    <ClInclude Include="src\Physics\CollisionBody\collisionBody.hpp">
      <Filter>Physics\CollisionBody</Filter>
    </ClInclude>
    <ClInclude Include="src\Physics\CollisionDebug\collisionDebugManager.hpp">
      <Filter>Physics\CollisionDebug</Filter>
    </ClInclude>
    <ClInclude Include="src\Physics\CollisionDebug\collisionDebugRect.hpp">
      <Filter>Physics\CollisionDebug</Filter>
    </ClInclude>
    <ClInclude Include="src\Physics\CollisionDebug\collisionDebugSettings.hpp">
      <Filter>Physics\CollisionDebug</Filter>
    </ClInclude>
    <ClInclude Include="src\Physics\CollisionHandlers\kinematicCollisionHandler.hpp">
      <Filter>Physics\CollisionHandlers</Filter>
    </ClInclude>
    <ClInclude Include="src\Physics\CollisionHandlers\staticCollisionHandler.hpp">
      <Filter>Physics\CollisionHandlers</Filter>
    </ClInclude>
    <ClInclude Include="src\Physics\physicsEngine.hpp">
      <Filter>Physics</Filter>
    </ClInclude>
    <ClInclude Include="src\Renderer\camera.hpp">
      <Filter>Renderer</Filter>
    </ClInclude>
    <ClInclude Include="src\Renderer\renderer.hpp">
      <Filter>Renderer</Filter>
    </ClInclude>
    <ClInclude Include="src\Resources\collisionRectData.hpp">
      <Filter>Resources</Filter>
    </ClInclude>
    <ClInclude Include="src\Resources\loadFonts.hpp">
      <Filter>Resources</Filter>
    </ClInclude>
    <ClInclude Include="src\Resources\resourceHolder.hpp">
      <Filter>Resources</Filter>
    </ClInclude>
    <ClInclude Include="src\Resources\resourceHolder.inl">
      <Filter>Resources</Filter>
    </ClInclude>
    <ClInclude Include="src\Resources\spriteSheetData.hpp">
      <Filter>Resources</Filter>
    </ClInclude>
    <ClInclude Include="src\Resources\xmlResourceParser.hpp">
      <Filter>Resources</Filter>
    </ClInclude>
    <ClInclude Include="src\Scenes\CutScenes\controlsGuide.hpp">
      <Filter>Scenes\CutScenes</Filter>
    </ClInclude>
    <ClInclude Include="src\Scenes\CutScenes\endingCutscene.hpp">
      <Filter>Scenes\CutScenes</Filter>
    </ClInclude>
    <ClInclude Include="src\Scenes\CutScenes\gateGuardDialogue.hpp">
      <Filter>Scenes\CutScenes</Filter>
    </ClInclude>
    <ClInclude Include="src\Scenes\CutScenes\startGameCutscene.hpp">
      <Filter>Scenes\CutScenes</Filter>
    </ClInclude>
    <ClInclude Include="src\Scenes\CutScenes\subtitlesBeforeStartGameCutscene.hpp">
      <Filter>Scenes\CutScenes</Filter>
    </ClInclude>
    <ClInclude Include="src\Scenes\cutScene.hpp">
      <Filter>Scenes</Filter>
    </ClInclude>
    <ClInclude Include="src\Scenes\cutSceneManager.hpp">
      <Filter>Scenes</Filter>
    </ClInclude>
    <ClInclude Include="src\Scenes\playerStatus.hpp">
      <Filter>Scenes</Filter>
    </ClInclude>
    <ClInclude Include="src\Scenes\scene.hpp">
      <Filter>Scenes</Filter>
    </ClInclude>
    <ClInclude Include="src\Scenes\sceneManager.hpp">
      <Filter>Scenes</Filter>
    </ClInclude>
    <ClInclude Include="src\Scenes\sceneParser.hpp">
      <Filter>Scenes</Filter>
    </ClInclude>
    <ClInclude Include="src\Scenes\sceneParser.inl">
      <Filter>Scenes</Filter>
    </ClInclude>
    <ClInclude Include="src\Terminal\Commands\commandInterpreter.hpp">
      <Filter>Terminal\Commands</Filter>
    </ClInclude>
    <ClInclude Include="src\Terminal\Image\outputArea.hpp">
      <Filter>Terminal\Image</Filter>
    </ClInclude>
    <ClInclude Include="src\Terminal\Image\terminalImage.hpp">
      <Filter>Terminal\Image</Filter>
    </ClInclude>
    <ClInclude Include="src\Terminal\Image\terminalStyleConstants.hpp">
      <Filter>Terminal\Image</Filter>
    </ClInclude>
    <ClInclude Include="src\Terminal\Input\terminalInputHandler.hpp">
      <Filter>Terminal\Input</Filter>
    </ClInclude>
    <ClInclude Include="src\Terminal\terminal.hpp">
      <Filter>Terminal</Filter>
    </ClInclude>
    <ClInclude Include="src\Terminal\terminalSharedData.hpp">
      <Filter>Terminal</Filter>
    </ClInclude>
    <ClInclude Include="src\Utilities\animation.hpp">
      <Filter>Utilities</Filter>
    </ClInclude>
    <ClInclude Include="src\Utilities\animation.inl">
      <Filter>Utilities</Filter>
    </ClInclude>
    <ClInclude Include="src\Utilities\cast.hpp">
      <Filter>Utilities</Filter>
    </ClInclude>
    <ClInclude Include="src\Utilities\csv.hpp">
      <Filter>Utilities</Filter>
    </ClInclude>
    <ClInclude Include="src\Utilities\debug.hpp">
      <Filter>Utilities</Filter>
    </ClInclude>
    <ClInclude Include="src\Utilities\filePath.hpp">
      <Filter>Utilities</Filter>
    </ClInclude>
    <ClInclude Include="src\Utilities\math.hpp">
      <Filter>Utilities</Filter>
    </ClInclude>
    <ClInclude Include="src\Utilities\math.inl">
      <Filter>Utilities</Filter>
    </ClInclude>
    <ClInclude Include="src\Utilities\random.hpp">
      <Filter>Utilities</Filter>
    </ClInclude>
    <ClInclude Include="src\Utilities\rect.hpp">
      <Filter>Utilities</Filter>
    </ClInclude>
    <ClInclude Include="src\Utilities\rect.inl">
      <Filter>Utilities</Filter>
    </ClInclude>
    <ClInclude Include="src\Utilities\spawn.hpp">
      <Filter>Utilities</Filter>
    </ClInclude>
    <ClInclude Include="src\Utilities\spawn.inl">
      <Filter>Utilities</Filter>
    </ClInclude>
    <ClInclude Include="src\Utilities\xml.hpp">
      <Filter>Utilities</Filter>
    </ClInclude>
    <ClInclude Include="src\game.hpp" />
    <ClInclude Include="src\gameData.hpp" />
  </ItemGroup>
  <ItemGroup>
    <ClCompile Include="src\AI\aStarAlgorithm.cpp">
      <Filter>AI</Filter>
    </ClCompile>
    <ClCompile Include="src\AI\aiManager.cpp">
      <Filter>AI</Filter>
    </ClCompile>
    <ClCompile Include="src\AI\nodesGrid.cpp">
      <Filter>AI</Filter>
    </ClCompile>
    <ClCompile Include="src\AI\obstacleGrid.cpp">
      <Filter>AI</Filter>
    </ClCompile>
    <ClCompile Include="src\AI\randomPathAlgorithm.cpp">
      <Filter>AI</Filter>
    </ClCompile>
    <ClCompile Include="src\Audio\Music\MusicData\musicData.cpp">
      <Filter>Audio\Music\MusicData</Filter>
    </ClCompile>
    <ClCompile Include="src\Audio\Music\MusicData\musicDataHolder.cpp">
      <Filter>Audio\Music\MusicData</Filter>
    </ClCompile>
    <ClCompile Include="src\Audio\Music\musicPlayer.cpp">
      <Filter>Audio\Music</Filter>
    </ClCompile>
    <ClCompile Include="src\Audio\Sound\SoundData\soundData.cpp">
      <Filter>Audio\Sound\SoundData</Filter>
    </ClCompile>
    <ClCompile Include="src\Audio\Sound\SoundData\soundDataHolder.cpp">
      <Filter>Audio\Sound\SoundData</Filter>
    </ClCompile>
    <ClCompile Include="src\Audio\Sound\Spatialization\spatializationManager.cpp">
      <Filter>Audio\Sound\Spatialization</Filter>
    </ClCompile>
    <ClCompile Include="src\Audio\Sound\soundPlayer.cpp">
      <Filter>Audio\Sound</Filter>
    </ClCompile>
    <ClCompile Include="src\Audio\xmlAudioParser.cpp">
      <Filter>Audio</Filter>
    </ClCompile>
    <ClCompile Include="src\EfficiencyRegister\efficiencyDisplayer.cpp">
      <Filter>EfficiencyRegister</Filter>
    </ClCompile>
    <ClCompile Include="src\EfficiencyRegister\efficiencyRegister.cpp">
      <Filter>EfficiencyRegister</Filter>
    </ClCompile>
    <ClCompile Include="src\Events\actionEvent.cpp">
      <Filter>Events</Filter>
    </ClCompile>
    <ClCompile Include="src\Events\actionEventManager.cpp">
      <Filter>Events</Filter>
    </ClCompile>
    <ClCompile Include="src\Events\eventDispatcher.cpp">
      <Filter>Events</Filter>
    </ClCompile>
    <ClCompile Include="src\Events\globalKeyboardShortcuts.cpp">
      <Filter>Events</Filter>
    </ClCompile>
    <ClCompile Include="src\GameObjects\DrawableGameObjects\Characters\Enemies\zombie.cpp">
      <Filter>GameObjects\DrawableGameObjects\Characters\Enemies</Filter>
    </ClCompile>
    <ClCompile Include="src\GameObjects\DrawableGameObjects\Characters\Npcs\crawlingNpc.cpp">
      <Filter>GameObjects\DrawableGameObjects\Characters\Npcs</Filter>
    </ClCompile>
    <ClCompile Include="src\GameObjects\DrawableGameObjects\Characters\Npcs\gateGuard.cpp">
      <Filter>GameObjects\DrawableGameObjects\Characters\Npcs</Filter>
    </ClCompile>
    <ClCompile Include="src\GameObjects\DrawableGameObjects\Characters\enemy.cpp">
      <Filter>GameObjects\DrawableGameObjects\Characters</Filter>
    </ClCompile>
    <ClCompile Include="src\GameObjects\DrawableGameObjects\Characters\npc.cpp">
      <Filter>GameObjects\DrawableGameObjects\Characters</Filter>
    </ClCompile>
    <ClCompile Include="src\GameObjects\DrawableGameObjects\Characters\player.cpp">
      <Filter>GameObjects\DrawableGameObjects\Characters</Filter>
    </ClCompile>
    <ClCompile Include="src\GameObjects\DrawableGameObjects\Items\bulletItem.cpp">
      <Filter>GameObjects\DrawableGameObjects\Items</Filter>
    </ClCompile>
    <ClCompile Include="src\GameObjects\DrawableGameObjects\Items\medkit.cpp">
      <Filter>GameObjects\DrawableGameObjects\Items</Filter>
    </ClCompile>
    <ClCompile Include="src\GameObjects\DrawableGameObjects\bilbord.cpp">
      <Filter>GameObjects\DrawableGameObjects</Filter>
    </ClCompile>
    <ClCompile Include="src\GameObjects\DrawableGameObjects\car.cpp">
      <Filter>GameObjects\DrawableGameObjects</Filter>
    </ClCompile>
    <ClCompile Include="src\GameObjects\DrawableGameObjects\character.cpp">
      <Filter>GameObjects\DrawableGameObjects</Filter>
    </ClCompile>
    <ClCompile Include="src\GameObjects\DrawableGameObjects\deadCharacter.cpp">
      <Filter>GameObjects\DrawableGameObjects</Filter>
    </ClCompile>
    <ClCompile Include="src\GameObjects\DrawableGameObjects\gate.cpp">
      <Filter>GameObjects\DrawableGameObjects</Filter>
    </ClCompile>
    <ClCompile Include="src\GameObjects\DrawableGameObjects\gun.cpp">
      <Filter>GameObjects\DrawableGameObjects</Filter>
    </ClCompile>
    <ClCompile Include="src\GameObjects\DrawableGameObjects\item.cpp">
      <Filter>GameObjects\DrawableGameObjects</Filter>
    </ClCompile>
    <ClCompile Include="src\GameObjects\DrawableGameObjects\lever.cpp">
      <Filter>GameObjects\DrawableGameObjects</Filter>
    </ClCompile>
    <ClCompile Include="src\GameObjects\DrawableGameObjects\melee.cpp">
      <Filter>GameObjects\DrawableGameObjects</Filter>
    </ClCompile>
    <ClCompile Include="src\GameObjects\DrawableGameObjects\particles.cpp">
      <Filter>GameObjects\DrawableGameObjects</Filter>
    </ClCompile>
    <ClCompile Include="src\GameObjects\DrawableGameObjects\spriteNode.cpp">
      <Filter>GameObjects\DrawableGameObjects</Filter>
    </ClCompile>
    <ClCompile Include="src\GameObjects\GameObjectContainers\gameObjectLayers.cpp">
      <Filter>GameObjects\GameObjectContainers</Filter>
    </ClCompile>
    <ClCompile Include="src\GameObjects\GameObjectContainers\itemsContainer.cpp">
      <Filter>GameObjects\GameObjectContainers</Filter>
    </ClCompile>
    <ClCompile Include="src\GameObjects\GameObjectContainers\particlesSystem.cpp">
      <Filter>GameObjects\GameObjectContainers</Filter>
    </ClCompile>
    <ClCompile Include="src\GameObjects\NonDrawableGameObjects\activateArea.cpp">
      <Filter>GameObjects\NonDrawableGameObjects</Filter>
    </ClCompile>
    <ClCompile Include="src\GameObjects\NonDrawableGameObjects\cutSceneArea.cpp">
      <Filter>GameObjects\NonDrawableGameObjects</Filter>
    </ClCompile>
    <ClCompile Include="src\GameObjects\NonDrawableGameObjects\entrance.cpp">
      <Filter>GameObjects\NonDrawableGameObjects</Filter>
    </ClCompile>
    <ClCompile Include="src\GameObjects\NonDrawableGameObjects\equipment.cpp">
      <Filter>GameObjects\NonDrawableGameObjects</Filter>
    </ClCompile>
    <ClCompile Include="src\GameObjects\NonDrawableGameObjects\playerEquipment.cpp">
      <Filter>GameObjects\NonDrawableGameObjects</Filter>
    </ClCompile>
    <ClCompile Include="src\GameObjects\NonDrawableGameObjects\slowDownArea.cpp">
      <Filter>GameObjects\NonDrawableGameObjects</Filter>
    </ClCompile>
    <ClCompile Include="src\GameObjects\NonDrawableGameObjects\spawner.cpp">
      <Filter>GameObjects\NonDrawableGameObjects</Filter>
    </ClCompile>
    <ClCompile Include="src\GameObjects\gameObject.cpp">
      <Filter>GameObjects</Filter>
    </ClCompile>
    <ClCompile Include="src\GameObjects\tiledGameObjectsParser.cpp">
      <Filter>GameObjects</Filter>
    </ClCompile>
    <ClCompile Include="src\Gui\gui.cpp">
      <Filter>Gui</Filter>
    </ClCompile>
    <ClCompile Include="src\Gui\guiActionsParserImpl.cpp">
      <Filter>Gui</Filter>
    </ClCompile>
    <ClCompile Include="src\Gui\interface.cpp">
      <Filter>Gui</Filter>
    </ClCompile>
    <ClCompile Include="src\Gui\messageBox.cpp">
      <Filter>Gui</Filter>
    </ClCompile>
    <ClCompile Include="src\Gui\textWidget.cpp">
      <Filter>Gui</Filter>
    </ClCompile>
    <ClCompile Include="src\Gui\widget.cpp">
      <Filter>Gui</Filter>
    </ClCompile>
    <ClCompile Include="src\Gui\xmlGuiParser.cpp">
      <Filter>Gui</Filter>
    </ClCompile>
    <ClCompile Include="src\Logs\ConcreteHandlers\consoleHandler.cpp">
      <Filter>Logs\ConcreteHandlers</Filter>
    </ClCompile>
    <ClCompile Include="src\Logs\ConcreteHandlers\fileHandler.cpp">
      <Filter>Logs\ConcreteHandlers</Filter>
    </ClCompile>
    <ClCompile Include="src\Logs\ConcreteHandlers\terminalHandler.cpp">
      <Filter>Logs\ConcreteHandlers</Filter>
    </ClCompile>
    <ClCompile Include="src\Logs\criticalError.cpp">
      <Filter>Logs</Filter>
    </ClCompile>
    <ClCompile Include="src\Logs\handler.cpp">
      <Filter>Logs</Filter>
    </ClCompile>
    <ClCompile Include="src\Logs\logRecord.cpp">
      <Filter>Logs</Filter>
    </ClCompile>
    <ClCompile Include="src\Logs\logger.cpp">
      <Filter>Logs</Filter>
    </ClCompile>
    <ClCompile Include="src\Logs\logsInitializing.cpp">
      <Filter>Logs</Filter>
    </ClCompile>
    <ClCompile Include="src\Map\chunk.cpp">
      <Filter>Map</Filter>
    </ClCompile>
    <ClCompile Include="src\Map\chunkData.cpp">
      <Filter>Map</Filter>
    </ClCompile>
    <ClCompile Include="src\Map\chunkMap.cpp">
      <Filter>Map</Filter>
    </ClCompile>
    <ClCompile Include="src\Map\map.cpp">
      <Filter>Map</Filter>
    </ClCompile>
    <ClCompile Include="src\Map\xmlMapParser.cpp">
      <Filter>Map</Filter>
    </ClCompile>
    <ClCompile Include="src\Physics\CollisionBody\collisionBody.cpp">
      <Filter>Physics\CollisionBody</Filter>
    </ClCompile>
    <ClCompile Include="src\Physics\CollisionDebug\collisionDebugManager.cpp">
      <Filter>Physics\CollisionDebug</Filter>
    </ClCompile>
    <ClCompile Include="src\Physics\CollisionDebug\collisionDebugRect.cpp">
      <Filter>Physics\CollisionDebug</Filter>
    </ClCompile>
    <ClCompile Include="src\Physics\CollisionDebug\collisionDebugSettings.cpp">
      <Filter>Physics\CollisionDebug</Filter>
    </ClCompile>
    <ClCompile Include="src\Physics\CollisionHandlers\kinematicCollisionHandler.cpp">
      <Filter>Physics\CollisionHandlers</Filter>
    </ClCompile>
    <ClCompile Include="src\Physics\CollisionHandlers\staticCollisionHandler.cpp">
      <Filter>Physics\CollisionHandlers</Filter>
    </ClCompile>
    <ClCompile Include="src\Physics\physicsEngine.cpp">
      <Filter>Physics</Filter>
    </ClCompile>
    <ClCompile Include="src\Renderer\camera.cpp">
      <Filter>Renderer</Filter>
    </ClCompile>
    <ClCompile Include="src\Renderer\renderer.cpp">
      <Filter>Renderer</Filter>
    </ClCompile>
    <ClCompile Include="src\Resources\xmlResourceParser.cpp">
      <Filter>Resources</Filter>
    </ClCompile>
    <ClCompile Include="src\Scenes\CutScenes\controlsGuide.cpp">
      <Filter>Scenes\CutScenes</Filter>
    </ClCompile>
    <ClCompile Include="src\Scenes\CutScenes\endingCutscene.cpp">
      <Filter>Scenes\CutScenes</Filter>
    </ClCompile>
    <ClCompile Include="src\Scenes\CutScenes\gateGuardDialogue.cpp">
      <Filter>Scenes\CutScenes</Filter>
    </ClCompile>
    <ClCompile Include="src\Scenes\CutScenes\startGameCutscene.cpp">
      <Filter>Scenes\CutScenes</Filter>
    </ClCompile>
    <ClCompile Include="src\Scenes\CutScenes\subtitlesBeforeStartGameCutscene.cpp">
      <Filter>Scenes\CutScenes</Filter>
    </ClCompile>
    <ClCompile Include="src\Scenes\cutScene.cpp">
      <Filter>Scenes</Filter>
    </ClCompile>
    <ClCompile Include="src\Scenes\cutSceneManager.cpp">
      <Filter>Scenes</Filter>
    </ClCompile>
    <ClCompile Include="src\Scenes\scene.cpp">
      <Filter>Scenes</Filter>
    </ClCompile>
    <ClCompile Include="src\Scenes\sceneManager.cpp">
      <Filter>Scenes</Filter>
    </ClCompile>
    <ClCompile Include="src\Terminal\Commands\commandInterpreter.cpp">
      <Filter>Terminal\Commands</Filter>
    </ClCompile>
    <ClCompile Include="src\Terminal\Image\outputArea.cpp">
      <Filter>Terminal\Image</Filter>
    </ClCompile>
    <ClCompile Include="src\Terminal\Image\terminalImage.cpp">
      <Filter>Terminal\Image</Filter>
    </ClCompile>
    <ClCompile Include="src\Terminal\Input\terminalInputHandler.cpp">
      <Filter>Terminal\Input</Filter>
    </ClCompile>
    <ClCompile Include="src\Terminal\terminal.cpp">
      <Filter>Terminal</Filter>
    </ClCompile>
    <ClCompile Include="src\Utilities\animation.cpp">
      <Filter>Utilities</Filter>
    </ClCompile>
    <ClCompile Include="src\Utilities\cast.cpp">
      <Filter>Utilities</Filter>
    </ClCompile>
    <ClCompile Include="src\Utilities\csv.cpp">
      <Filter>Utilities</Filter>
    </ClCompile>
    <ClCompile Include="src\Utilities\filePath.cpp">
      <Filter>Utilities</Filter>
    </ClCompile>
    <ClCompile Include="src\Utilities\math.cpp">
      <Filter>Utilities</Filter>
    </ClCompile>
    <ClCompile Include="src\Utilities\random.cpp">
      <Filter>Utilities</Filter>
    </ClCompile>
    <ClCompile Include="src\Utilities\spawn.cpp">
      <Filter>Utilities</Filter>
    </ClCompile>
    <ClCompile Include="src\Utilities\xml.cpp">
      <Filter>Utilities</Filter>
    </ClCompile>
    <ClCompile Include="src\game.cpp" />
    <ClCompile Include="src\gameData.cpp" />
    <ClCompile Include="src\main.cpp" />
  </ItemGroup>
</Project>